
Microsoft Visual Studio Solution File, Format Version 12.00
# Visual Studio Version 17
VisualStudioVersion = 17.5.33502.453
MinimumVisualStudioVersion = 10.0.40219.1
Project("{FAE04EC0-301F-11D3-BF4B-00C04F79EFBC}") = "Bulls-and-Cows-Client", "Bulls-and-Cows-Client.csproj", "{F2383671-4ADA-4A48-ACE4-10CE82C54FE8}"
EndProject
Global
	GlobalSection(SolutionConfigurationPlatforms) = preSolution
		Debug|Any CPU = Debug|Any CPU
		Release|Any CPU = Release|Any CPU
	EndGlobalSection
	GlobalSection(ProjectConfigurationPlatforms) = postSolution
		{F2383671-4ADA-4A48-ACE4-10CE82C54FE8}.Debug|Any CPU.ActiveCfg = Debug|Any CPU
		{F2383671-4ADA-4A48-ACE4-10CE82C54FE8}.Debug|Any CPU.Build.0 = Debug|Any CPU
		{F2383671-4ADA-4A48-ACE4-10CE82C54FE8}.Release|Any CPU.ActiveCfg = Release|Any CPU
		{F2383671-4ADA-4A48-ACE4-10CE82C54FE8}.Release|Any CPU.Build.0 = Release|Any CPU
	EndGlobalSection
	GlobalSection(SolutionProperties) = preSolution
		HideSolutionNode = FALSE
	EndGlobalSection
	GlobalSection(ExtensibilityGlobals) = postSolution
		SolutionGuid = {CE0EAA4D-8F9D-4C69-80AB-01D4B4B2A5C0}
	EndGlobalSection
EndGlobal
